
Microsoft Visual Studio Solution File, Format Version 12.00
# Visual Studio Version 16
VisualStudioVersion = 16.0.31205.134
MinimumVisualStudioVersion = 10.0.40219.1
Project("{8BC9CEB8-8B4A-11D0-8D11-00A0C91BC942}") = "DOOMEternalTrainer", "DOOMEternalTrainer\DOOMEternalTrainer.vcxproj", "{349BF9A2-94A9-4756-B7E0-EA97B7F0286B}"
EndProject
Global
	GlobalSection(SolutionConfigurationPlatforms) = preSolution
		Debug|x64 = Debug|x64
		Debug|x86 = Debug|x86
		Release|x64 = Release|x64
		Release|x86 = Release|x86
	EndGlobalSection
	GlobalSection(ProjectConfigurationPlatforms) = postSolution
		{349BF9A2-94A9-4756-B7E0-EA97B7F0286B}.Debug|x64.ActiveCfg = Debug|x64
		{349BF9A2-94A9-4756-B7E0-EA97B7F0286B}.Debug|x64.Build.0 = Debug|x64
		{349BF9A2-94A9-4756-B7E0-EA97B7F0286B}.Debug|x86.ActiveCfg = Debug|x64
		{349BF9A2-94A9-4756-B7E0-EA97B7F0286B}.Debug|x86.Build.0 = Debug|x64
		{349BF9A2-94A9-4756-B7E0-EA97B7F0286B}.Release|x64.ActiveCfg = Release|x64
		{349BF9A2-94A9-4756-B7E0-EA97B7F0286B}.Release|x64.Build.0 = Release|x64
		{349BF9A2-94A9-4756-B7E0-EA97B7F0286B}.Release|x86.ActiveCfg = Release|Win32
		{349BF9A2-94A9-4756-B7E0-EA97B7F0286B}.Release|x86.Build.0 = Release|Win32
	EndGlobalSection
	GlobalSection(SolutionProperties) = preSolution
		HideSolutionNode = FALSE
	EndGlobalSection
	GlobalSection(ExtensibilityGlobals) = postSolution
		SolutionGuid = {E4784230-74A8-4CD8-B0F5-B5E789507757}
	EndGlobalSection
EndGlobal
